{
  "name": "lambda-authorizer",
  "lockfileVersion": 3,
  "requires": true,
  "packages": {
    "": {
      "dependencies": {
        "aws-jwt-verify": "^5.1.0"
      }
    },
    "node_modules/aws-jwt-verify": {
      "version": "5.1.0",
      "resolved": "https://registry.npmjs.org/aws-jwt-verify/-/aws-jwt-verify-5.1.0.tgz",
      "integrity": "sha512-98ioOBMyrLU5jW5rPvkJo20XlNB2rAX3tZR3BM6AamfBkOoSRLV1EyGkbgHQzgFOWyQ7yV8+tce6M24rOpMkgw===",
      "license": "Apache-2.0",
      "engines": {
        "node": ">=18.0.0"
      }
    }
  }
}
